{
  "version": 4,
  "terraform_version": "1.14.8",
  "serial": 37,
  "lineage": "c16601b9-6a26-500d-bdad-c053478cf33f",
  "outputs": {
    "athena_workgroup": {
      "value": "clickstream-dev",
      "type": "string"
    },
    "cloudwatch_dashboard_url": {
      "value": "https://us-east-1.console.aws.amazon.com/cloudwatch/home?region=us-east-1#dashboards:name=clickstream-pipeline-dev",
      "type": "string"
    },
    "dynamodb_table_name": {
      "value": "clickstream-sessions-dev",
      "type": "string"
    },
    "emr_application_id": {
      "value": "00g4o98nhjgnud09",
      "type": "string"
    },
    "emr_execution_role_arn": {
      "value": "arn:aws:iam::698772346270:role/clickstream-reconciler-dev-execution-role",
      "type": "string"
    },
    "kinesis_stream_name": {
      "value": "clickstream-events-dev",
      "type": "string"
    },
    "lambda_dlq_url": {
      "value": "https://sqs.us-east-1.amazonaws.com/698772346270/clickstream-sessionizer-dlq-dev",
      "type": "string"
    },
    "raw_s3_bucket": {
      "value": "clickstream-raw-698772346270-dev",
      "type": "string"
    }
  },
  "resources": [
    {
      "mode": "data",
      "type": "aws_caller_identity",
      "name": "current",
      "provider": "provider[\"registry.terraform.io/hashicorp/aws\"]",
      "instances": [
        {
          "schema_version": 0,
          "attributes": {
            "account_id": "698772346270",
            "arn": "arn:aws:iam::698772346270:user/clickstream-user",
            "id": "698772346270",
            "user_id": "AIDA2FMQT2WPLMPZR6JDS"
          },
          "sensitive_attributes": [],
          "identity_schema_version": 0
        }
      ]
    },
    {
      "module": "module.cloudwatch",
      "mode": "managed",
      "type": "aws_cloudwatch_metric_alarm",
      "name": "kinesis_lag",
      "provider": "provider[\"registry.terraform.io/hashicorp/aws\"]",
      "instances": [
        {
          "schema_version": 1,
          "attributes": {
            "actions_enabled": true,
            "alarm_actions": [],
            "alarm_description": "Lambda is \u003e60s behind Kinesis — possible backlog",
            "alarm_name": "clickstream-kinesis-lag-dev",
            "arn": "arn:aws:cloudwatch:us-east-1:698772346270:alarm:clickstream-kinesis-lag-dev",
            "comparison_operator": "GreaterThanThreshold",
            "datapoints_to_alarm": 0,
            "dimensions": {
              "StreamName": "clickstream-events-dev"
            },
            "evaluate_low_sample_count_percentiles": "",
            "evaluation_periods": 3,
            "extended_statistic": "",
            "id": "clickstream-kinesis-lag-dev",
            "insufficient_data_actions": [],
            "metric_name": "GetRecords.IteratorAgeMilliseconds",
            "metric_query": [],
            "namespace": "AWS/Kinesis",
            "ok_actions": [],
            "period": 60,
            "statistic": "Maximum",
            "tags": {
              "Env": "dev",
              "Name": "clickstream-kinesis-lag-dev"
            },
            "tags_all": {
              "Env": "dev",
              "Environment": "dev",
              "ManagedBy": "terraform",
              "Name": "clickstream-kinesis-lag-dev",
              "Project": "clickstream-pipeline"
            },
            "threshold": 60000,
            "threshold_metric_id": "",
            "treat_missing_data": "notBreaching",
            "unit": ""
          },
          "sensitive_attributes": [],
          "identity_schema_version": 0,
          "private": "eyJzY2hlbWFfdmVyc2lvbiI6IjEifQ==",
          "dependencies": [
            "module.kinesis.aws_kinesis_stream.clickstream"
          ]
        }
      ]
    },
    {
      "module": "module.cloudwatch",
      "mode": "managed",
      "type": "aws_cloudwatch_metric_alarm",
      "name": "lambda_error_rate",
      "provider": "provider[\"registry.terraform.io/hashicorp/aws\"]",
      "instances": [
        {
          "schema_version": 1,
          "attributes": {
            "actions_enabled": true,
            "alarm_actions": null,
            "alarm_description": "Lambda error rate exceeded 5% over 5 minutes",
            "alarm_name": "clickstream-lambda-error-rate-dev",
            "arn": "arn:aws:cloudwatch:us-east-1:698772346270:alarm:clickstream-lambda-error-rate-dev",
            "comparison_operator": "GreaterThanThreshold",
            "datapoints_to_alarm": 0,
            "dimensions": null,
            "evaluate_low_sample_count_percentiles": "",
            "evaluation_periods": 5,
            "extended_statistic": "",
            "id": "clickstream-lambda-error-rate-dev",
            "insufficient_data_actions": null,
            "metric_name": "",
            "metric_query": [
              {
                "account_id": "",
                "expression": "",
                "id": "errors",
                "label": "",
                "metric": [
                  {
                    "dimensions": {
                      "FunctionName": "clickstream-sessionizer-dev"
                    },
                    "metric_name": "Errors",
                    "namespace": "AWS/Lambda",
                    "period": 60,
                    "stat": "Sum",
                    "unit": ""
                  }
                ],
                "period": null,
                "return_data": false
              },
              {
                "account_id": "",
                "expression": "",
                "id": "invocations",
                "label": "",
                "metric": [
                  {
                    "dimensions": {
                      "FunctionName": "clickstream-sessionizer-dev"
                    },
                    "metric_name": "Invocations",
                    "namespace": "AWS/Lambda",
                    "period": 60,
                    "stat": "Sum",
                    "unit": ""
                  }
                ],
                "period": null,
                "return_data": false
              },
              {
                "account_id": "",
                "expression": "errors / invocations * 100",
                "id": "error_rate",
                "label": "Error Rate (%)",
                "metric": [],
                "period": null,
                "return_data": true
              }
            ],
            "namespace": "",
            "ok_actions": null,
            "period": 0,
            "statistic": "",
            "tags": {
              "Env": "dev",
              "Name": "clickstream-lambda-errors-dev"
            },
            "tags_all": {
              "Env": "dev",
              "Environment": "dev",
              "ManagedBy": "terraform",
              "Name": "clickstream-lambda-errors-dev",
              "Project": "clickstream-pipeline"
            },
            "threshold": 5,
            "threshold_metric_id": "",
            "treat_missing_data": "notBreaching",
            "unit": ""
          },
          "sensitive_attributes": [],
          "identity_schema_version": 0,
          "private": "eyJzY2hlbWFfdmVyc2lvbiI6IjEifQ==",
          "dependencies": [
            "data.aws_caller_identity.current",
            "module.dynamodb.aws_dynamodb_table.sessions",
            "module.lambda.aws_cloudwatch_log_group.lambda",
            "module.lambda.aws_iam_role.lambda",
            "module.lambda.aws_lambda_function.sessionizer",
            "module.lambda.aws_sqs_queue.lambda_dlq",
            "module.lambda.data.aws_iam_policy_document.lambda_assume",
            "module.s3_athena.aws_s3_bucket.raw_events"
          ]
        }
      ]
    },
    {
      "module": "module.dynamodb",
      "mode": "managed",
      "type": "aws_dynamodb_table",
      "name": "sessions",
      "provider": "provider[\"registry.terraform.io/hashicorp/aws\"]",
      "instances": [
        {
          "schema_version": 1,
          "attributes": {
            "arn": "arn:aws:dynamodb:us-east-1:698772346270:table/clickstream-sessions-dev",
            "attribute": [
              {
                "name": "session_id",
                "type": "S"
              },
              {
                "name": "user_id",
                "type": "S"
              }
            ],
            "billing_mode": "PAY_PER_REQUEST",
            "deletion_protection_enabled": false,
            "global_secondary_index": [
              {
                "hash_key": "user_id",
                "name": "user_id-index",
                "non_key_attributes": [],
                "on_demand_throughput": [],
                "projection_type": "ALL",
                "range_key": "",
                "read_capacity": 0,
                "write_capacity": 0
              }
            ],
            "hash_key": "session_id",
            "id": "clickstream-sessions-dev",
            "import_table": [],
            "local_secondary_index": [],
            "name": "clickstream-sessions-dev",
            "on_demand_throughput": [],
            "point_in_time_recovery": [
              {
                "enabled": true,
                "recovery_period_in_days": 35
              }
            ],
            "range_key": null,
            "read_capacity": 0,
            "replica": [],
            "restore_date_time": null,
            "restore_source_name": null,
            "restore_source_table_arn": null,
            "restore_to_latest_time": null,
            "server_side_encryption": [],
            "stream_arn": "",
            "stream_enabled": false,
            "stream_label": "",
            "stream_view_type": "",
            "table_class": "STANDARD",
            "tags": {
              "Env": "dev",
              "Name": "clickstream-sessions-dev"
            },
            "tags_all": {
              "Env": "dev",
              "Environment": "dev",
              "ManagedBy": "terraform",
              "Name": "clickstream-sessions-dev",
              "Project": "clickstream-pipeline"
            },
            "timeouts": null,
            "ttl": [
              {
                "attribute_name": "expires_at",
                "enabled": true
              }
            ],
            "write_capacity": 0
          },
          "sensitive_attributes": [],
          "identity_schema_version": 0,
          "private": "eyJlMmJmYjczMC1lY2FhLTExZTYtOGY4OC0zNDM2M2JjN2M0YzAiOnsiY3JlYXRlIjoxODAwMDAwMDAwMDAwLCJkZWxldGUiOjYwMDAwMDAwMDAwMCwidXBkYXRlIjozNjAwMDAwMDAwMDAwfSwic2NoZW1hX3ZlcnNpb24iOiIxIn0="
        }
      ]
    },
    {
      "module": "module.emr_serverless",
      "mode": "data",
      "type": "aws_iam_policy_document",
      "name": "emr_assume",
      "provider": "provider[\"registry.terraform.io/hashicorp/aws\"]",
      "instances": [
        {
          "schema_version": 0,
          "attributes": {
            "id": "1519958040",
            "json": "{\n  \"Version\": \"2012-10-17\",\n  \"Statement\": [\n    {\n      \"Effect\": \"Allow\",\n      \"Action\": \"sts:AssumeRole\",\n      \"Principal\": {\n        \"Service\": \"emr-serverless.amazonaws.com\"\n      }\n    }\n  ]\n}",
            "minified_json": "{\"Version\":\"2012-10-17\",\"Statement\":[{\"Effect\":\"Allow\",\"Action\":\"sts:AssumeRole\",\"Principal\":{\"Service\":\"emr-serverless.amazonaws.com\"}}]}",
            "override_json": null,
            "override_policy_documents": null,
            "policy_id": null,
            "source_json": null,
            "source_policy_documents": null,
            "statement": [
              {
                "actions": [
                  "sts:AssumeRole"
                ],
                "condition": [],
                "effect": "Allow",
                "not_actions": [],
                "not_principals": [],
                "not_resources": [],
                "principals": [
                  {
                    "identifiers": [
                      "emr-serverless.amazonaws.com"
                    ],
                    "type": "Service"
                  }
                ],
                "resources": [],
                "sid": ""
              }
            ],
            "version": "2012-10-17"
          },
          "sensitive_attributes": [],
          "identity_schema_version": 0
        }
      ]
    },
    {
      "module": "module.emr_serverless",
      "mode": "data",
      "type": "aws_iam_policy_document",
      "name": "emr_permissions",
      "provider": "provider[\"registry.terraform.io/hashicorp/aws\"]",
      "instances": [
        {
          "schema_version": 0,
          "attributes": {
            "id": "4083494154",
            "json": "{\n  \"Version\": \"2012-10-17\",\n  \"Statement\": [\n    {\n      \"Effect\": \"Allow\",\n      \"Action\": [\n        \"s3:PutObject\",\n        \"s3:ListBucket\",\n        \"s3:GetObject\",\n        \"s3:DeleteObject\"\n      ],\n      \"Resource\": [\n        \"arn:aws:s3:::clickstream-raw-698772346270-dev/*\",\n        \"arn:aws:s3:::clickstream-raw-698772346270-dev\"\n      ]\n    },\n    {\n      \"Effect\": \"Allow\",\n      \"Action\": [\n        \"glue:UpdateTable\",\n        \"glue:GetTable\",\n        \"glue:GetPartition\",\n        \"glue:GetDatabase\",\n        \"glue:CreateTable\",\n        \"glue:CreatePartition\",\n        \"glue:BatchCreatePartition\"\n      ],\n      \"Resource\": \"*\"\n    },\n    {\n      \"Effect\": \"Allow\",\n      \"Action\": [\n        \"logs:PutLogEvents\",\n        \"logs:DescribeLogGroups\",\n        \"logs:CreateLogStream\",\n        \"logs:CreateLogGroup\"\n      ],\n      \"Resource\": \"arn:aws:logs:*:*:log-group:/aws/emr-serverless/*\"\n    }\n  ]\n}",
            "minified_json": "{\"Version\":\"2012-10-17\",\"Statement\":[{\"Effect\":\"Allow\",\"Action\":[\"s3:PutObject\",\"s3:ListBucket\",\"s3:GetObject\",\"s3:DeleteObject\"],\"Resource\":[\"arn:aws:s3:::clickstream-raw-698772346270-dev/*\",\"arn:aws:s3:::clickstream-raw-698772346270-dev\"]},{\"Effect\":\"Allow\",\"Action\":[\"glue:UpdateTable\",\"glue:GetTable\",\"glue:GetPartition\",\"glue:GetDatabase\",\"glue:CreateTable\",\"glue:CreatePartition\",\"glue:BatchCreatePartition\"],\"Resource\":\"*\"},{\"Effect\":\"Allow\",\"Action\":[\"logs:PutLogEvents\",\"logs:DescribeLogGroups\",\"logs:CreateLogStream\",\"logs:CreateLogGroup\"],\"Resource\":\"arn:aws:logs:*:*:log-group:/aws/emr-serverless/*\"}]}",
            "override_json": null,
            "override_policy_documents": null,
            "policy_id": null,
            "source_json": null,
            "source_policy_documents": null,
            "statement": [
              {
                "actions": [
                  "s3:DeleteObject",
                  "s3:GetObject",
                  "s3:ListBucket",
                  "s3:PutObject"
                ],
                "condition": [],
                "effect": "Allow",
                "not_actions": [],
                "not_principals": [],
                "not_resources": [],
                "principals": [],
                "resources": [
                  "arn:aws:s3:::clickstream-raw-698772346270-dev",
                  "arn:aws:s3:::clickstream-raw-698772346270-dev/*"
                ],
                "sid": ""
              },
              {
                "actions": [
                  "glue:BatchCreatePartition",
                  "glue:CreatePartition",
                  "glue:CreateTable",
                  "glue:GetDatabase",
                  "glue:GetPartition",
                  "glue:GetTable",
                  "glue:UpdateTable"
                ],
                "condition": [],
                "effect": "Allow",
                "not_actions": [],
                "not_principals": [],
                "not_resources": [],
                "principals": [],
                "resources": [
                  "*"
                ],
                "sid": ""
              },
              {
                "actions": [
                  "logs:CreateLogGroup",
                  "logs:CreateLogStream",
                  "logs:DescribeLogGroups",
                  "logs:PutLogEvents"
                ],
                "condition": [],
                "effect": "Allow",
                "not_actions": [],
                "not_principals": [],
                "not_resources": [],
                "principals": [],
                "resources": [
                  "arn:aws:logs:*:*:log-group:/aws/emr-serverless/*"
                ],
                "sid": ""
              }
            ],
            "version": "2012-10-17"
          },
          "sensitive_attributes": [],
          "identity_schema_version": 0
        }
      ]
    },
    {
      "module": "module.emr_serverless",
      "mode": "managed",
      "type": "aws_cloudwatch_log_group",
      "name": "emr",
      "provider": "provider[\"registry.terraform.io/hashicorp/aws\"]",
      "instances": [
        {
          "schema_version": 0,
          "attributes": {
            "arn": "arn:aws:logs:us-east-1:698772346270:log-group:/aws/emr-serverless/clickstream-reconciler-dev",
            "id": "/aws/emr-serverless/clickstream-reconciler-dev",
            "kms_key_id": "",
            "log_group_class": "STANDARD",
            "name": "/aws/emr-serverless/clickstream-reconciler-dev",
            "name_prefix": "",
            "retention_in_days": 7,
            "skip_destroy": false,
            "tags": {},
            "tags_all": {
              "Environment": "dev",
              "ManagedBy": "terraform",
              "Project": "clickstream-pipeline"
            }
          },
          "sensitive_attributes": [],
          "identity_schema_version": 0,
          "private": "bnVsbA=="
        }
      ]
    },
    {
      "module": "module.emr_serverless",
      "mode": "managed",
      "type": "aws_emrserverless_application",
      "name": "spark",
      "provider": "provider[\"registry.terraform.io/hashicorp/aws\"]",
      "instances": [
        {
          "schema_version": 0,
          "attributes": {
            "architecture": "X86_64",
            "arn": "arn:aws:emr-serverless:us-east-1:698772346270:/applications/00g4o98nhjgnud09",
            "auto_start_configuration": [
              {
                "enabled": true
              }
            ],
            "auto_stop_configuration": [
              {
                "enabled": true,
                "idle_timeout_minutes": 15
              }
            ],
            "id": "00g4o98nhjgnud09",
            "image_configuration": [],
            "initial_capacity": [],
            "interactive_configuration": [
              {
                "livy_endpoint_enabled": null,
                "studio_enabled": null
              }
            ],
            "maximum_capacity": [
              {
                "cpu": "40 vCPU",
                "disk": "200 GB",
                "memory": "80 GB"
              }
            ],
            "name": "clickstream-reconciler-dev",
            "network_configuration": [
              {
                "security_group_ids": null,
                "subnet_ids": null
              }
            ],
            "release_label": "emr-7.0.0",
            "tags": {
              "Env": "dev",
              "Name": "clickstream-reconciler-dev"
            },
            "tags_all": {
              "Env": "dev",
              "Environment": "dev",
              "ManagedBy": "terraform",
              "Name": "clickstream-reconciler-dev",
              "Project": "clickstream-pipeline"
            },
            "type": "spark"
          },
          "sensitive_attributes": [],
          "identity_schema_version": 0,
          "private": "bnVsbA=="
        }
      ]
    },
    {
      "module": "module.emr_serverless",
      "mode": "managed",
      "type": "aws_iam_role",
      "name": "emr_execution",
      "provider": "provider[\"registry.terraform.io/hashicorp/aws\"]",
      "instances": [
        {
          "schema_version": 0,
          "attributes": {
            "arn": "arn:aws:iam::698772346270:role/clickstream-reconciler-dev-execution-role",
            "assume_role_policy": "{\"Statement\":[{\"Action\":\"sts:AssumeRole\",\"Effect\":\"Allow\",\"Principal\":{\"Service\":\"emr-serverless.amazonaws.com\"}}],\"Version\":\"2012-10-17\"}",
            "create_date": "2026-04-07T14:03:15Z",
            "description": "",
            "force_detach_policies": false,
            "id": "clickstream-reconciler-dev-execution-role",
            "inline_policy": [
              {
                "name": "clickstream-reconciler-dev-policy",
                "policy": "{\"Version\":\"2012-10-17\",\"Statement\":[{\"Action\":[\"s3:PutObject\",\"s3:ListBucket\",\"s3:GetObject\",\"s3:DeleteObject\"],\"Effect\":\"Allow\",\"Resource\":[\"arn:aws:s3:::clickstream-raw-698772346270-dev/*\",\"arn:aws:s3:::clickstream-raw-698772346270-dev\"]},{\"Action\":[\"glue:UpdateTable\",\"glue:GetTable\",\"glue:GetPartition\",\"glue:GetDatabase\",\"glue:CreateTable\",\"glue:CreatePartition\",\"glue:BatchCreatePartition\"],\"Effect\":\"Allow\",\"Resource\":\"*\"},{\"Action\":[\"logs:PutLogEvents\",\"logs:DescribeLogGroups\",\"logs:CreateLogStream\",\"logs:CreateLogGroup\"],\"Effect\":\"Allow\",\"Resource\":\"arn:aws:logs:*:*:log-group:/aws/emr-serverless/*\"}]}"
              }
            ],
            "managed_policy_arns": [],
            "max_session_duration": 3600,
            "name": "clickstream-reconciler-dev-execution-role",
            "name_prefix": "",
            "path": "/",
            "permissions_boundary": "",
            "tags": {},
            "tags_all": {
              "Environment": "dev",
              "ManagedBy": "terraform",
              "Project": "clickstream-pipeline"
            },
            "unique_id": "AROA2FMQT2WPGI2CB4OJT"
          },
          "sensitive_attributes": [],
          "identity_schema_version": 0,
          "private": "bnVsbA==",
          "dependencies": [
            "module.emr_serverless.data.aws_iam_policy_document.emr_assume"
          ]
        }
      ]
    },
    {
      "module": "module.emr_serverless",
      "mode": "managed",
      "type": "aws_iam_role_policy",
      "name": "emr_execution",
      "provider": "provider[\"registry.terraform.io/hashicorp/aws\"]",
      "instances": [
        {
          "schema_version": 0,
          "attributes": {
            "id": "clickstream-reconciler-dev-execution-role:clickstream-reconciler-dev-policy",
            "name": "clickstream-reconciler-dev-policy",
            "name_prefix": "",
            "policy": "{\"Version\":\"2012-10-17\",\"Statement\":[{\"Action\":[\"s3:PutObject\",\"s3:ListBucket\",\"s3:GetObject\",\"s3:DeleteObject\"],\"Effect\":\"Allow\",\"Resource\":[\"arn:aws:s3:::clickstream-raw-698772346270-dev/*\",\"arn:aws:s3:::clickstream-raw-698772346270-dev\"]},{\"Action\":[\"glue:UpdateTable\",\"glue:GetTable\",\"glue:GetPartition\",\"glue:GetDatabase\",\"glue:CreateTable\",\"glue:CreatePartition\",\"glue:BatchCreatePartition\"],\"Effect\":\"Allow\",\"Resource\":\"*\"},{\"Action\":[\"logs:PutLogEvents\",\"logs:DescribeLogGroups\",\"logs:CreateLogStream\",\"logs:CreateLogGroup\"],\"Effect\":\"Allow\",\"Resource\":\"arn:aws:logs:*:*:log-group:/aws/emr-serverless/*\"}]}",
            "role": "clickstream-reconciler-dev-execution-role"
          },
          "sensitive_attributes": [],
          "identity_schema_version": 0,
          "private": "bnVsbA==",
          "dependencies": [
            "data.aws_caller_identity.current",
            "module.emr_serverless.aws_iam_role.emr_execution",
            "module.emr_serverless.data.aws_iam_policy_document.emr_assume",
            "module.emr_serverless.data.aws_iam_policy_document.emr_permissions",
            "module.s3_athena.aws_s3_bucket.raw_events"
          ]
        }
      ]
    },
    {
      "module": "module.kinesis",
      "mode": "managed",
      "type": "aws_kinesis_stream",
      "name": "clickstream",
      "provider": "provider[\"registry.terraform.io/hashicorp/aws\"]",
      "instances": [
        {
          "schema_version": 1,
          "attributes": {
            "arn": "arn:aws:kinesis:us-east-1:698772346270:stream/clickstream-events-dev",
            "encryption_type": "KMS",
            "enforce_consumer_deletion": false,
            "id": "arn:aws:kinesis:us-east-1:698772346270:stream/clickstream-events-dev",
            "kms_key_id": "alias/aws/kinesis",
            "name": "clickstream-events-dev",
            "retention_period": 24,
            "shard_count": 0,
            "shard_level_metrics": [],
            "stream_mode_details": [
              {
                "stream_mode": "ON_DEMAND"
              }
            ],
            "tags": {
              "Env": "dev",
              "Name": "clickstream-events-dev"
            },
            "tags_all": {
              "Env": "dev",
              "Environment": "dev",
              "ManagedBy": "terraform",
              "Name": "clickstream-events-dev",
              "Project": "clickstream-pipeline"
            },
            "timeouts": null
          },
          "sensitive_attributes": [],
          "identity_schema_version": 0,
          "private": "eyJlMmJmYjczMC1lY2FhLTExZTYtOGY4OC0zNDM2M2JjN2M0YzAiOnsiY3JlYXRlIjozMDAwMDAwMDAwMDAsImRlbGV0ZSI6NzIwMDAwMDAwMDAwMCwidXBkYXRlIjo3MjAwMDAwMDAwMDAwfSwic2NoZW1hX3ZlcnNpb24iOiIxIn0="
        }
      ]
    },
    {
      "module": "module.lambda",
      "mode": "data",
      "type": "aws_iam_policy_document",
      "name": "dlq_send",
      "provider": "provider[\"registry.terraform.io/hashicorp/aws\"]",
      "instances": [
        {
          "schema_version": 0,
          "attributes": {
            "id": "312600871",
            "json": "{\n  \"Version\": \"2012-10-17\",\n  \"Statement\": [\n    {\n      \"Effect\": \"Allow\",\n      \"Action\": \"sqs:SendMessage\",\n      \"Resource\": \"arn:aws:sqs:us-east-1:698772346270:clickstream-sessionizer-dlq-dev\",\n      \"Principal\": {\n        \"Service\": \"lambda.amazonaws.com\"\n      }\n    }\n  ]\n}",
            "minified_json": "{\"Version\":\"2012-10-17\",\"Statement\":[{\"Effect\":\"Allow\",\"Action\":\"sqs:SendMessage\",\"Resource\":\"arn:aws:sqs:us-east-1:698772346270:clickstream-sessionizer-dlq-dev\",\"Principal\":{\"Service\":\"lambda.amazonaws.com\"}}]}",
            "override_json": null,
            "override_policy_documents": null,
            "policy_id": null,
            "source_json": null,
            "source_policy_documents": null,
            "statement": [
              {
                "actions": [
                  "sqs:SendMessage"
                ],
                "condition": [],
                "effect": "Allow",
                "not_actions": [],
                "not_principals": [],
                "not_resources": [],
                "principals": [
                  {
                    "identifiers": [
                      "lambda.amazonaws.com"
                    ],
                    "type": "Service"
                  }
                ],
                "resources": [
                  "arn:aws:sqs:us-east-1:698772346270:clickstream-sessionizer-dlq-dev"
                ],
                "sid": ""
              }
            ],
            "version": "2012-10-17"
          },
          "sensitive_attributes": [],
          "identity_schema_version": 0
        }
      ]
    },
    {
      "module": "module.lambda",
      "mode": "data",
      "type": "aws_iam_policy_document",
      "name": "lambda_assume",
      "provider": "provider[\"registry.terraform.io/hashicorp/aws\"]",
      "instances": [
        {
          "schema_version": 0,
          "attributes": {
            "id": "2690255455",
            "json": "{\n  \"Version\": \"2012-10-17\",\n  \"Statement\": [\n    {\n      \"Effect\": \"Allow\",\n      \"Action\": \"sts:AssumeRole\",\n      \"Principal\": {\n        \"Service\": \"lambda.amazonaws.com\"\n      }\n    }\n  ]\n}",
            "minified_json": "{\"Version\":\"2012-10-17\",\"Statement\":[{\"Effect\":\"Allow\",\"Action\":\"sts:AssumeRole\",\"Principal\":{\"Service\":\"lambda.amazonaws.com\"}}]}",
            "override_json": null,
            "override_policy_documents": null,
            "policy_id": null,
            "source_json": null,
            "source_policy_documents": null,
            "statement": [
              {
                "actions": [
                  "sts:AssumeRole"
                ],
                "condition": [],
                "effect": "Allow",
                "not_actions": [],
                "not_principals": [],
                "not_resources": [],
                "principals": [
                  {
                    "identifiers": [
                      "lambda.amazonaws.com"
                    ],
                    "type": "Service"
                  }
                ],
                "resources": [],
                "sid": ""
              }
            ],
            "version": "2012-10-17"
          },
          "sensitive_attributes": [],
          "identity_schema_version": 0
        }
      ]
    },
    {
      "module": "module.lambda",
      "mode": "data",
      "type": "aws_iam_policy_document",
      "name": "lambda_permissions",
      "provider": "provider[\"registry.terraform.io/hashicorp/aws\"]",
      "instances": [
        {
          "schema_version": 0,
          "attributes": {
            "id": "517692641",
            "json": "{\n  \"Version\": \"2012-10-17\",\n  \"Statement\": [\n    {\n      \"Effect\": \"Allow\",\n      \"Action\": [\n        \"logs:PutLogEvents\",\n        \"logs:CreateLogStream\",\n        \"logs:CreateLogGroup\"\n      ],\n      \"Resource\": \"arn:aws:logs:*:*:log-group:/aws/lambda/clickstream-sessionizer-dev:*\"\n    },\n    {\n      \"Effect\": \"Allow\",\n      \"Action\": [\n        \"kinesis:ListStreams\",\n        \"kinesis:ListShards\",\n        \"kinesis:GetShardIterator\",\n        \"kinesis:GetRecords\",\n        \"kinesis:DescribeStreamSummary\",\n        \"kinesis:DescribeStream\"\n      ],\n      \"Resource\": \"arn:aws:kinesis:us-east-1:698772346270:stream/clickstream-events-dev\"\n    },\n    {\n      \"Effect\": \"Allow\",\n      \"Action\": [\n        \"dynamodb:UpdateItem\",\n        \"dynamodb:Query\",\n        \"dynamodb:PutItem\",\n        \"dynamodb:GetItem\"\n      ],\n      \"Resource\": [\n        \"arn:aws:dynamodb:us-east-1:698772346270:table/clickstream-sessions-dev/index/*\",\n        \"arn:aws:dynamodb:us-east-1:698772346270:table/clickstream-sessions-dev\"\n      ]\n    },\n    {\n      \"Effect\": \"Allow\",\n      \"Action\": \"s3:PutObject\",\n      \"Resource\": \"arn:aws:s3:::clickstream-raw-698772346270-dev/*\"\n    },\n    {\n      \"Effect\": \"Allow\",\n      \"Action\": \"sqs:SendMessage\",\n      \"Resource\": \"arn:aws:sqs:us-east-1:698772346270:clickstream-sessionizer-dlq-dev\"\n    }\n  ]\n}",
            "minified_json": "{\"Version\":\"2012-10-17\",\"Statement\":[{\"Effect\":\"Allow\",\"Action\":[\"logs:PutLogEvents\",\"logs:CreateLogStream\",\"logs:CreateLogGroup\"],\"Resource\":\"arn:aws:logs:*:*:log-group:/aws/lambda/clickstream-sessionizer-dev:*\"},{\"Effect\":\"Allow\",\"Action\":[\"kinesis:ListStreams\",\"kinesis:ListShards\",\"kinesis:GetShardIterator\",\"kinesis:GetRecords\",\"kinesis:DescribeStreamSummary\",\"kinesis:DescribeStream\"],\"Resource\":\"arn:aws:kinesis:us-east-1:698772346270:stream/clickstream-events-dev\"},{\"Effect\":\"Allow\",\"Action\":[\"dynamodb:UpdateItem\",\"dynamodb:Query\",\"dynamodb:PutItem\",\"dynamodb:GetItem\"],\"Resource\":[\"arn:aws:dynamodb:us-east-1:698772346270:table/clickstream-sessions-dev/index/*\",\"arn:aws:dynamodb:us-east-1:698772346270:table/clickstream-sessions-dev\"]},{\"Effect\":\"Allow\",\"Action\":\"s3:PutObject\",\"Resource\":\"arn:aws:s3:::clickstream-raw-698772346270-dev/*\"},{\"Effect\":\"Allow\",\"Action\":\"sqs:SendMessage\",\"Resource\":\"arn:aws:sqs:us-east-1:698772346270:clickstream-sessionizer-dlq-dev\"}]}",
            "override_json": null,
            "override_policy_documents": null,
            "policy_id": null,
            "source_json": null,
            "source_policy_documents": null,
            "statement": [
              {
                "actions": [
                  "logs:CreateLogGroup",
                  "logs:CreateLogStream",
                  "logs:PutLogEvents"
                ],
                "condition": [],
                "effect": "Allow",
                "not_actions": [],
                "not_principals": [],
                "not_resources": [],
                "principals": [],
                "resources": [
                  "arn:aws:logs:*:*:log-group:/aws/lambda/clickstream-sessionizer-dev:*"
                ],
                "sid": ""
              },
              {
                "actions": [
                  "kinesis:DescribeStream",
                  "kinesis:DescribeStreamSummary",
                  "kinesis:GetRecords",
                  "kinesis:GetShardIterator",
                  "kinesis:ListShards",
                  "kinesis:ListStreams"
                ],
                "condition": [],
                "effect": "Allow",
                "not_actions": [],
                "not_principals": [],
                "not_resources": [],
                "principals": [],
                "resources": [
                  "arn:aws:kinesis:us-east-1:698772346270:stream/clickstream-events-dev"
                ],
                "sid": ""
              },
              {
                "actions": [
                  "dynamodb:GetItem",
                  "dynamodb:PutItem",
                  "dynamodb:Query",
                  "dynamodb:UpdateItem"
                ],
                "condition": [],
                "effect": "Allow",
                "not_actions": [],
                "not_principals": [],
                "not_resources": [],
                "principals": [],
                "resources": [
                  "arn:aws:dynamodb:us-east-1:698772346270:table/clickstream-sessions-dev",
                  "arn:aws:dynamodb:us-east-1:698772346270:table/clickstream-sessions-dev/index/*"
                ],
                "sid": ""
              },
              {
                "actions": [
                  "s3:PutObject"
                ],
                "condition": [],
                "effect": "Allow",
                "not_actions": [],
                "not_principals": [],
                "not_resources": [],
                "principals": [],
                "resources": [
                  "arn:aws:s3:::clickstream-raw-698772346270-dev/*"
                ],
                "sid": ""
              },
              {
                "actions": [
                  "sqs:SendMessage"
                ],
                "condition": [],
                "effect": "Allow",
                "not_actions": [],
                "not_principals": [],
                "not_resources": [],
                "principals": [],
                "resources": [
                  "arn:aws:sqs:us-east-1:698772346270:clickstream-sessionizer-dlq-dev"
                ],
                "sid": ""
              }
            ],
            "version": "2012-10-17"
          },
          "sensitive_attributes": [],
          "identity_schema_version": 0
        }
      ]
    },
    {
      "module": "module.lambda",
      "mode": "managed",
      "type": "aws_cloudwatch_log_group",
      "name": "lambda",
      "provider": "provider[\"registry.terraform.io/hashicorp/aws\"]",
      "instances": [
        {
          "schema_version": 0,
          "attributes": {
            "arn": "arn:aws:logs:us-east-1:698772346270:log-group:/aws/lambda/clickstream-sessionizer-dev",
            "id": "/aws/lambda/clickstream-sessionizer-dev",
            "kms_key_id": "",
            "log_group_class": "STANDARD",
            "name": "/aws/lambda/clickstream-sessionizer-dev",
            "name_prefix": "",
            "retention_in_days": 7,
            "skip_destroy": false,
            "tags": {},
            "tags_all": {
              "Environment": "dev",
              "ManagedBy": "terraform",
              "Project": "clickstream-pipeline"
            }
          },
          "sensitive_attributes": [],
          "identity_schema_version": 0,
          "private": "bnVsbA=="
        }
      ]
    },
    {
      "module": "module.lambda",
      "mode": "managed",
      "type": "aws_cloudwatch_metric_alarm",
      "name": "dlq_not_empty",
      "provider": "provider[\"registry.terraform.io/hashicorp/aws\"]",
      "instances": [
        {
          "schema_version": 1,
          "attributes": {
            "actions_enabled": true,
            "alarm_actions": [],
            "alarm_description": "Failed Kinesis records landed in DLQ — investigate Lambda errors",
            "alarm_name": "clickstream-dlq-not-empty-dev",
            "arn": "arn:aws:cloudwatch:us-east-1:698772346270:alarm:clickstream-dlq-not-empty-dev",
            "comparison_operator": "GreaterThanThreshold",
            "datapoints_to_alarm": 0,
            "dimensions": {
              "QueueName": "clickstream-sessionizer-dlq-dev"
            },
            "evaluate_low_sample_count_percentiles": "",
            "evaluation_periods": 1,
            "extended_statistic": "",
            "id": "clickstream-dlq-not-empty-dev",
            "insufficient_data_actions": [],
            "metric_name": "ApproximateNumberOfMessagesVisible",
            "metric_query": [],
            "namespace": "AWS/SQS",
            "ok_actions": [],
            "period": 300,
            "statistic": "Maximum",
            "tags": {
              "Env": "dev"
            },
            "tags_all": {
              "Env": "dev",
              "Environment": "dev",
              "ManagedBy": "terraform",
              "Project": "clickstream-pipeline"
            },
            "threshold": 0,
            "threshold_metric_id": "",
            "treat_missing_data": "notBreaching",
            "unit": ""
          },
          "sensitive_attributes": [],
          "identity_schema_version": 0,
          "private": "eyJzY2hlbWFfdmVyc2lvbiI6IjEifQ==",
          "dependencies": [
            "module.lambda.aws_sqs_queue.lambda_dlq"
          ]
        }
      ]
    },
    {
      "module": "module.lambda",
      "mode": "managed",
      "type": "aws_iam_role",
      "name": "lambda",
      "provider": "provider[\"registry.terraform.io/hashicorp/aws\"]",
      "instances": [
        {
          "schema_version": 0,
          "attributes": {
            "arn": "arn:aws:iam::698772346270:role/clickstream-sessionizer-dev-role",
            "assume_role_policy": "{\"Statement\":[{\"Action\":\"sts:AssumeRole\",\"Effect\":\"Allow\",\"Principal\":{\"Service\":\"lambda.amazonaws.com\"}}],\"Version\":\"2012-10-17\"}",
            "create_date": "2026-04-07T14:03:15Z",
            "description": "",
            "force_detach_policies": false,
            "id": "clickstream-sessionizer-dev-role",
            "inline_policy": [
              {
                "name": "clickstream-sessionizer-dev-policy",
                "policy": "{\"Version\":\"2012-10-17\",\"Statement\":[{\"Action\":[\"logs:PutLogEvents\",\"logs:CreateLogStream\",\"logs:CreateLogGroup\"],\"Effect\":\"Allow\",\"Resource\":\"arn:aws:logs:*:*:log-group:/aws/lambda/clickstream-sessionizer-dev:*\"},{\"Action\":[\"kinesis:ListStreams\",\"kinesis:ListShards\",\"kinesis:GetShardIterator\",\"kinesis:GetRecords\",\"kinesis:DescribeStreamSummary\",\"kinesis:DescribeStream\"],\"Effect\":\"Allow\",\"Resource\":\"arn:aws:kinesis:us-east-1:698772346270:stream/clickstream-events-dev\"},{\"Action\":[\"dynamodb:UpdateItem\",\"dynamodb:Query\",\"dynamodb:PutItem\",\"dynamodb:GetItem\"],\"Effect\":\"Allow\",\"Resource\":[\"arn:aws:dynamodb:us-east-1:698772346270:table/clickstream-sessions-dev/index/*\",\"arn:aws:dynamodb:us-east-1:698772346270:table/clickstream-sessions-dev\"]},{\"Action\":\"s3:PutObject\",\"Effect\":\"Allow\",\"Resource\":\"arn:aws:s3:::clickstream-raw-698772346270-dev/*\"},{\"Action\":\"sqs:SendMessage\",\"Effect\":\"Allow\",\"Resource\":\"arn:aws:sqs:us-east-1:698772346270:clickstream-sessionizer-dlq-dev\"}]}"
              }
            ],
            "managed_policy_arns": [],
            "max_session_duration": 3600,
            "name": "clickstream-sessionizer-dev-role",
            "name_prefix": "",
            "path": "/",
            "permissions_boundary": "",
            "tags": {},
            "tags_all": {
              "Environment": "dev",
              "ManagedBy": "terraform",
              "Project": "clickstream-pipeline"
            },
            "unique_id": "AROA2FMQT2WPDAVGOJAYO"
          },
          "sensitive_attributes": [],
          "identity_schema_version": 0,
          "private": "bnVsbA==",
          "dependencies": [
            "module.lambda.data.aws_iam_policy_document.lambda_assume"
          ]
        }
      ]
    },
    {
      "module": "module.lambda",
      "mode": "managed",
      "type": "aws_iam_role_policy",
      "name": "lambda",
      "provider": "provider[\"registry.terraform.io/hashicorp/aws\"]",
      "instances": [
        {
          "schema_version": 0,
          "attributes": {
            "id": "clickstream-sessionizer-dev-role:clickstream-sessionizer-dev-policy",
            "name": "clickstream-sessionizer-dev-policy",
            "name_prefix": "",
            "policy": "{\"Version\":\"2012-10-17\",\"Statement\":[{\"Action\":[\"logs:PutLogEvents\",\"logs:CreateLogStream\",\"logs:CreateLogGroup\"],\"Effect\":\"Allow\",\"Resource\":\"arn:aws:logs:*:*:log-group:/aws/lambda/clickstream-sessionizer-dev:*\"},{\"Action\":[\"kinesis:ListStreams\",\"kinesis:ListShards\",\"kinesis:GetShardIterator\",\"kinesis:GetRecords\",\"kinesis:DescribeStreamSummary\",\"kinesis:DescribeStream\"],\"Effect\":\"Allow\",\"Resource\":\"arn:aws:kinesis:us-east-1:698772346270:stream/clickstream-events-dev\"},{\"Action\":[\"dynamodb:UpdateItem\",\"dynamodb:Query\",\"dynamodb:PutItem\",\"dynamodb:GetItem\"],\"Effect\":\"Allow\",\"Resource\":[\"arn:aws:dynamodb:us-east-1:698772346270:table/clickstream-sessions-dev/index/*\",\"arn:aws:dynamodb:us-east-1:698772346270:table/clickstream-sessions-dev\"]},{\"Action\":\"s3:PutObject\",\"Effect\":\"Allow\",\"Resource\":\"arn:aws:s3:::clickstream-raw-698772346270-dev/*\"},{\"Action\":\"sqs:SendMessage\",\"Effect\":\"Allow\",\"Resource\":\"arn:aws:sqs:us-east-1:698772346270:clickstream-sessionizer-dlq-dev\"}]}",
            "role": "clickstream-sessionizer-dev-role"
          },
          "sensitive_attributes": [],
          "identity_schema_version": 0,
          "private": "bnVsbA==",
          "dependencies": [
            "data.aws_caller_identity.current",
            "module.dynamodb.aws_dynamodb_table.sessions",
            "module.kinesis.aws_kinesis_stream.clickstream",
            "module.lambda.aws_iam_role.lambda",
            "module.lambda.aws_sqs_queue.lambda_dlq",
            "module.lambda.data.aws_iam_policy_document.lambda_assume",
            "module.lambda.data.aws_iam_policy_document.lambda_permissions",
            "module.s3_athena.aws_s3_bucket.raw_events"
          ]
        }
      ]
    },
    {
      "module": "module.lambda",
      "mode": "managed",
      "type": "aws_lambda_event_source_mapping",
      "name": "kinesis",
      "provider": "provider[\"registry.terraform.io/hashicorp/aws\"]",
      "instances": [
        {
          "schema_version": 0,
          "attributes": {
            "amazon_managed_kafka_event_source_config": [],
            "arn": "arn:aws:lambda:us-east-1:698772346270:event-source-mapping:939998f9-1281-481c-9ffc-e115ad8b2879",
            "batch_size": 100,
            "bisect_batch_on_function_error": true,
            "destination_config": [
              {
                "on_failure": [
                  {
                    "destination_arn": "arn:aws:sqs:us-east-1:698772346270:clickstream-sessionizer-dlq-dev"
                  }
                ]
              }
            ],
            "document_db_event_source_config": [],
            "enabled": true,
            "event_source_arn": "arn:aws:kinesis:us-east-1:698772346270:stream/clickstream-events-dev",
            "filter_criteria": [],
            "function_arn": "arn:aws:lambda:us-east-1:698772346270:function:clickstream-sessionizer-dev",
            "function_name": "arn:aws:lambda:us-east-1:698772346270:function:clickstream-sessionizer-dev",
            "function_response_types": null,
            "id": "939998f9-1281-481c-9ffc-e115ad8b2879",
            "kms_key_arn": "",
            "last_modified": "2026-04-07T14:07:00Z",
            "last_processing_result": "No records processed",
            "maximum_batching_window_in_seconds": 0,
            "maximum_record_age_in_seconds": -1,
            "maximum_retry_attempts": 3,
            "metrics_config": [],
            "parallelization_factor": 1,
            "provisioned_poller_config": [],
            "queues": null,
            "scaling_config": [],
            "self_managed_event_source": [],
            "self_managed_kafka_event_source_config": [],
            "source_access_configuration": [],
            "starting_position": "LATEST",
            "starting_position_timestamp": "",
            "state": "Enabled",
            "state_transition_reason": "User action",
            "tags": null,
            "tags_all": {
              "Environment": "dev",
              "ManagedBy": "terraform",
              "Project": "clickstream-pipeline"
            },
            "topics": null,
            "tumbling_window_in_seconds": 5,
            "uuid": "939998f9-1281-481c-9ffc-e115ad8b2879"
          },
          "sensitive_attributes": [],
          "identity_schema_version": 0,
          "private": "bnVsbA==",
          "dependencies": [
            "data.aws_caller_identity.current",
            "module.dynamodb.aws_dynamodb_table.sessions",
            "module.kinesis.aws_kinesis_stream.clickstream",
            "module.lambda.aws_cloudwatch_log_group.lambda",
            "module.lambda.aws_iam_role.lambda",
            "module.lambda.aws_lambda_function.sessionizer",
            "module.lambda.aws_sqs_queue.lambda_dlq",
            "module.lambda.data.aws_iam_policy_document.lambda_assume",
            "module.s3_athena.aws_s3_bucket.raw_events"
          ]
        }
      ]
    },
    {
      "module": "module.lambda",
      "mode": "managed",
      "type": "aws_lambda_function",
      "name": "sessionizer",
      "provider": "provider[\"registry.terraform.io/hashicorp/aws\"]",
      "instances": [
        {
          "schema_version": 0,
          "attributes": {
            "architectures": [
              "x86_64"
            ],
            "arn": "arn:aws:lambda:us-east-1:698772346270:function:clickstream-sessionizer-dev",
            "code_sha256": "5CH+m9tNtlnNLQTJpSfoZ0C169SCoEF0GgLAZX4IjmY=",
            "code_signing_config_arn": "",
            "dead_letter_config": [],
            "description": "",
            "environment": [
              {
                "variables": {
                  "DLQ_URL": "https://sqs.us-east-1.amazonaws.com/698772346270/clickstream-sessionizer-dlq-dev",
                  "DYNAMODB_TABLE_NAME": "clickstream-sessions-dev",
                  "LOG_LEVEL": "DEBUG",
                  "S3_BUCKET": "clickstream-raw-698772346270-dev"
                }
              }
            ],
            "ephemeral_storage": [
              {
                "size": 512
              }
            ],
            "file_system_config": [],
            "filename": "./../src/lambda/sessionizer.zip",
            "function_name": "clickstream-sessionizer-dev",
            "handler": "handler.lambda_handler",
            "id": "clickstream-sessionizer-dev",
            "image_config": [],
            "image_uri": "",
            "invoke_arn": "arn:aws:apigateway:us-east-1:lambda:path/2015-03-31/functions/arn:aws:lambda:us-east-1:698772346270:function:clickstream-sessionizer-dev/invocations",
            "kms_key_arn": "",
            "last_modified": "2026-04-07T14:06:54.312+0000",
            "layers": null,
            "logging_config": [
              {
                "application_log_level": "",
                "log_format": "Text",
                "log_group": "/aws/lambda/clickstream-sessionizer-dev",
                "system_log_level": ""
              }
            ],
            "memory_size": 512,
            "package_type": "Zip",
            "publish": false,
            "qualified_arn": "arn:aws:lambda:us-east-1:698772346270:function:clickstream-sessionizer-dev:$LATEST",
            "qualified_invoke_arn": "arn:aws:apigateway:us-east-1:lambda:path/2015-03-31/functions/arn:aws:lambda:us-east-1:698772346270:function:clickstream-sessionizer-dev:$LATEST/invocations",
            "replace_security_groups_on_destroy": null,
            "replacement_security_group_ids": null,
            "reserved_concurrent_executions": -1,
            "role": "arn:aws:iam::698772346270:role/clickstream-sessionizer-dev-role",
            "runtime": "python3.12",
            "s3_bucket": null,
            "s3_key": null,
            "s3_object_version": null,
            "signing_job_arn": "",
            "signing_profile_version_arn": "",
            "skip_destroy": false,
            "snap_start": [],
            "source_code_hash": "",
            "source_code_size": 43783938,
            "tags": {
              "Env": "dev",
              "Name": "clickstream-sessionizer-dev"
            },
            "tags_all": {
              "Env": "dev",
              "Environment": "dev",
              "ManagedBy": "terraform",
              "Name": "clickstream-sessionizer-dev",
              "Project": "clickstream-pipeline"
            },
            "timeout": 60,
            "timeouts": null,
            "tracing_config": [
              {
                "mode": "PassThrough"
              }
            ],
            "version": "$LATEST",
            "vpc_config": []
          },
          "sensitive_attributes": [],
          "identity_schema_version": 0,
          "private": "eyJlMmJmYjczMC1lY2FhLTExZTYtOGY4OC0zNDM2M2JjN2M0YzAiOnsiY3JlYXRlIjo2MDAwMDAwMDAwMDAsImRlbGV0ZSI6NjAwMDAwMDAwMDAwLCJ1cGRhdGUiOjYwMDAwMDAwMDAwMH19",
          "dependencies": [
            "data.aws_caller_identity.current",
            "module.dynamodb.aws_dynamodb_table.sessions",
            "module.lambda.aws_cloudwatch_log_group.lambda",
            "module.lambda.aws_iam_role.lambda",
            "module.lambda.aws_sqs_queue.lambda_dlq",
            "module.lambda.data.aws_iam_policy_document.lambda_assume",
            "module.s3_athena.aws_s3_bucket.raw_events"
          ]
        }
      ]
    },
    {
      "module": "module.lambda",
      "mode": "managed",
      "type": "aws_sqs_queue",
      "name": "lambda_dlq",
      "provider": "provider[\"registry.terraform.io/hashicorp/aws\"]",
      "instances": [
        {
          "schema_version": 0,
          "attributes": {
            "arn": "arn:aws:sqs:us-east-1:698772346270:clickstream-sessionizer-dlq-dev",
            "content_based_deduplication": false,
            "deduplication_scope": "",
            "delay_seconds": 0,
            "fifo_queue": false,
            "fifo_throughput_limit": "",
            "id": "https://sqs.us-east-1.amazonaws.com/698772346270/clickstream-sessionizer-dlq-dev",
            "kms_data_key_reuse_period_seconds": 300,
            "kms_master_key_id": "",
            "max_message_size": 262144,
            "message_retention_seconds": 604800,
            "name": "clickstream-sessionizer-dlq-dev",
            "name_prefix": "",
            "policy": "{\"Statement\":[{\"Action\":\"sqs:SendMessage\",\"Effect\":\"Allow\",\"Principal\":{\"Service\":\"lambda.amazonaws.com\"},\"Resource\":\"arn:aws:sqs:us-east-1:698772346270:clickstream-sessionizer-dlq-dev\"}],\"Version\":\"2012-10-17\"}",
            "receive_wait_time_seconds": 0,
            "redrive_allow_policy": "",
            "redrive_policy": "",
            "sqs_managed_sse_enabled": true,
            "tags": {
              "Env": "dev",
              "Name": "clickstream-sessionizer-dlq-dev"
            },
            "tags_all": {
              "Env": "dev",
              "Environment": "dev",
              "ManagedBy": "terraform",
              "Name": "clickstream-sessionizer-dlq-dev",
              "Project": "clickstream-pipeline"
            },
            "timeouts": null,
            "url": "https://sqs.us-east-1.amazonaws.com/698772346270/clickstream-sessionizer-dlq-dev",
            "visibility_timeout_seconds": 30
          },
          "sensitive_attributes": [],
          "identity_schema_version": 0,
          "private": "eyJlMmJmYjczMC1lY2FhLTExZTYtOGY4OC0zNDM2M2JjN2M0YzAiOnsiY3JlYXRlIjoxODAwMDAwMDAwMDAsImRlbGV0ZSI6MTgwMDAwMDAwMDAwLCJ1cGRhdGUiOjE4MDAwMDAwMDAwMH19"
        }
      ]
    },
    {
      "module": "module.lambda",
      "mode": "managed",
      "type": "aws_sqs_queue_policy",
      "name": "lambda_dlq",
      "provider": "provider[\"registry.terraform.io/hashicorp/aws\"]",
      "instances": [
        {
          "schema_version": 1,
          "attributes": {
            "id": "https://sqs.us-east-1.amazonaws.com/698772346270/clickstream-sessionizer-dlq-dev",
            "policy": "{\"Statement\":[{\"Action\":\"sqs:SendMessage\",\"Effect\":\"Allow\",\"Principal\":{\"Service\":\"lambda.amazonaws.com\"},\"Resource\":\"arn:aws:sqs:us-east-1:698772346270:clickstream-sessionizer-dlq-dev\"}],\"Version\":\"2012-10-17\"}",
            "queue_url": "https://sqs.us-east-1.amazonaws.com/698772346270/clickstream-sessionizer-dlq-dev"
          },
          "sensitive_attributes": [],
          "identity_schema_version": 0,
          "private": "eyJzY2hlbWFfdmVyc2lvbiI6IjEifQ==",
          "dependencies": [
            "module.lambda.aws_sqs_queue.lambda_dlq",
            "module.lambda.data.aws_iam_policy_document.dlq_send"
          ]
        }
      ]
    },
    {
      "module": "module.s3_athena",
      "mode": "data",
      "type": "aws_iam_policy_document",
      "name": "glue_crawler_assume",
      "provider": "provider[\"registry.terraform.io/hashicorp/aws\"]",
      "instances": [
        {
          "schema_version": 0,
          "attributes": {
            "id": "2681768870",
            "json": "{\n  \"Version\": \"2012-10-17\",\n  \"Statement\": [\n    {\n      \"Effect\": \"Allow\",\n      \"Action\": \"sts:AssumeRole\",\n      \"Principal\": {\n        \"Service\": \"glue.amazonaws.com\"\n      }\n    }\n  ]\n}",
            "minified_json": "{\"Version\":\"2012-10-17\",\"Statement\":[{\"Effect\":\"Allow\",\"Action\":\"sts:AssumeRole\",\"Principal\":{\"Service\":\"glue.amazonaws.com\"}}]}",
            "override_json": null,
            "override_policy_documents": null,
            "policy_id": null,
            "source_json": null,
            "source_policy_documents": null,
            "statement": [
              {
                "actions": [
                  "sts:AssumeRole"
                ],
                "condition": [],
                "effect": "Allow",
                "not_actions": [],
                "not_principals": [],
                "not_resources": [],
                "principals": [
                  {
                    "identifiers": [
                      "glue.amazonaws.com"
                    ],
                    "type": "Service"
                  }
                ],
                "resources": [],
                "sid": ""
              }
            ],
            "version": "2012-10-17"
          },
          "sensitive_attributes": [],
          "identity_schema_version": 0
        }
      ]
    },
    {
      "module": "module.s3_athena",
      "mode": "data",
      "type": "aws_iam_policy_document",
      "name": "glue_crawler_permissions",
      "provider": "provider[\"registry.terraform.io/hashicorp/aws\"]",
      "instances": [
        {
          "schema_version": 0,
          "attributes": {
            "id": "314459180",
            "json": "{\n  \"Version\": \"2012-10-17\",\n  \"Statement\": [\n    {\n      \"Effect\": \"Allow\",\n      \"Action\": [\n        \"s3:ListBucket\",\n        \"s3:GetObject\"\n      ],\n      \"Resource\": [\n        \"arn:aws:s3:::clickstream-raw-698772346270-dev/*\",\n        \"arn:aws:s3:::clickstream-raw-698772346270-dev\",\n        \"arn:aws:s3:::clickstream-corrected-698772346270-dev/*\",\n        \"arn:aws:s3:::clickstream-corrected-698772346270-dev\"\n      ]\n    },\n    {\n      \"Effect\": \"Allow\",\n      \"Action\": [\n        \"glue:UpdateTable\",\n        \"glue:GetTable\",\n        \"glue:GetPartitions\",\n        \"glue:GetPartition\",\n        \"glue:GetDatabase\",\n        \"glue:CreateTable\",\n        \"glue:CreatePartition\",\n        \"glue:BatchCreatePartition\"\n      ],\n      \"Resource\": \"*\"\n    },\n    {\n      \"Effect\": \"Allow\",\n      \"Action\": [\n        \"logs:PutLogEvents\",\n        \"logs:CreateLogStream\",\n        \"logs:CreateLogGroup\"\n      ],\n      \"Resource\": \"arn:aws:logs:*:*:log-group:/aws-glue/*\"\n    }\n  ]\n}",
            "minified_json": "{\"Version\":\"2012-10-17\",\"Statement\":[{\"Effect\":\"Allow\",\"Action\":[\"s3:ListBucket\",\"s3:GetObject\"],\"Resource\":[\"arn:aws:s3:::clickstream-raw-698772346270-dev/*\",\"arn:aws:s3:::clickstream-raw-698772346270-dev\",\"arn:aws:s3:::clickstream-corrected-698772346270-dev/*\",\"arn:aws:s3:::clickstream-corrected-698772346270-dev\"]},{\"Effect\":\"Allow\",\"Action\":[\"glue:UpdateTable\",\"glue:GetTable\",\"glue:GetPartitions\",\"glue:GetPartition\",\"glue:GetDatabase\",\"glue:CreateTable\",\"glue:CreatePartition\",\"glue:BatchCreatePartition\"],\"Resource\":\"*\"},{\"Effect\":\"Allow\",\"Action\":[\"logs:PutLogEvents\",\"logs:CreateLogStream\",\"logs:CreateLogGroup\"],\"Resource\":\"arn:aws:logs:*:*:log-group:/aws-glue/*\"}]}",
            "override_json": null,
            "override_policy_documents": null,
            "policy_id": null,
            "source_json": null,
            "source_policy_documents": null,
            "statement": [
              {
                "actions": [
                  "s3:GetObject",
                  "s3:ListBucket"
                ],
                "condition": [],
                "effect": "Allow",
                "not_actions": [],
                "not_principals": [],
                "not_resources": [],
                "principals": [],
                "resources": [
                  "arn:aws:s3:::clickstream-corrected-698772346270-dev",
                  "arn:aws:s3:::clickstream-corrected-698772346270-dev/*",
                  "arn:aws:s3:::clickstream-raw-698772346270-dev",
                  "arn:aws:s3:::clickstream-raw-698772346270-dev/*"
                ],
                "sid": ""
              },
              {
                "actions": [
                  "glue:BatchCreatePartition",
                  "glue:CreatePartition",
                  "glue:CreateTable",
                  "glue:GetDatabase",
                  "glue:GetPartition",
                  "glue:GetPartitions",
                  "glue:GetTable",
                  "glue:UpdateTable"
                ],
                "condition": [],
                "effect": "Allow",
                "not_actions": [],
                "not_principals": [],
                "not_resources": [],
                "principals": [],
                "resources": [
                  "*"
                ],
                "sid": ""
              },
              {
                "actions": [
                  "logs:CreateLogGroup",
                  "logs:CreateLogStream",
                  "logs:PutLogEvents"
                ],
                "condition": [],
                "effect": "Allow",
                "not_actions": [],
                "not_principals": [],
                "not_resources": [],
                "principals": [],
                "resources": [
                  "arn:aws:logs:*:*:log-group:/aws-glue/*"
                ],
                "sid": ""
              }
            ],
            "version": "2012-10-17"
          },
          "sensitive_attributes": [],
          "identity_schema_version": 0
        }
      ]
    },
    {
      "module": "module.s3_athena",
      "mode": "managed",
      "type": "aws_athena_workgroup",
      "name": "main",
      "provider": "provider[\"registry.terraform.io/hashicorp/aws\"]",
      "instances": [
        {
          "schema_version": 0,
          "attributes": {
            "arn": "arn:aws:athena:us-east-1:698772346270:workgroup/clickstream-dev",
            "configuration": [
              {
                "bytes_scanned_cutoff_per_query": 10737418240,
                "enforce_workgroup_configuration": true,
                "engine_version": [
                  {
                    "effective_engine_version": "Athena engine version 3",
                    "selected_engine_version": "AUTO"
                  }
                ],
                "execution_role": "",
                "publish_cloudwatch_metrics_enabled": true,
                "requester_pays_enabled": false,
                "result_configuration": [
                  {
                    "acl_configuration": [],
                    "encryption_configuration": [
                      {
                        "encryption_option": "SSE_S3",
                        "kms_key_arn": ""
                      }
                    ],
                    "expected_bucket_owner": "",
                    "output_location": "s3://clickstream-athena-698772346270-dev/query-results/"
                  }
                ]
              }
            ],
            "description": "",
            "force_destroy": false,
            "id": "clickstream-dev",
            "name": "clickstream-dev",
            "state": "ENABLED",
            "tags": {
              "Env": "dev",
              "Name": "clickstream-dev"
            },
            "tags_all": {
              "Env": "dev",
              "Environment": "dev",
              "ManagedBy": "terraform",
              "Name": "clickstream-dev",
              "Project": "clickstream-pipeline"
            }
          },
          "sensitive_attributes": [],
          "identity_schema_version": 0,
          "private": "bnVsbA==",
          "dependencies": [
            "data.aws_caller_identity.current",
            "module.s3_athena.aws_s3_bucket.athena_results"
          ]
        }
      ]
    },
    {
      "module": "module.s3_athena",
      "mode": "managed",
      "type": "aws_glue_catalog_database",
      "name": "clickstream",
      "provider": "provider[\"registry.terraform.io/hashicorp/aws\"]",
      "instances": [
        {
          "schema_version": 0,
          "attributes": {
            "arn": "arn:aws:glue:us-east-1:698772346270:database/clickstream_dev",
            "catalog_id": "698772346270",
            "create_table_default_permission": [
              {
                "permissions": [
                  "ALL"
                ],
                "principal": [
                  {
                    "data_lake_principal_identifier": "IAM_ALLOWED_PRINCIPALS"
                  }
                ]
              }
            ],
            "description": "Clickstream pipeline — raw events and corrected sessions",
            "federated_database": [],
            "id": "698772346270:clickstream_dev",
            "location_uri": "",
            "name": "clickstream_dev",
            "parameters": {},
            "tags": {},
            "tags_all": {
              "Environment": "dev",
              "ManagedBy": "terraform",
              "Project": "clickstream-pipeline"
            },
            "target_database": []
          },
          "sensitive_attributes": [],
          "identity_schema_version": 0,
          "private": "bnVsbA=="
        }
      ]
    },
    {
      "module": "module.s3_athena",
      "mode": "managed",
      "type": "aws_glue_crawler",
      "name": "batch_sessions",
      "provider": "provider[\"registry.terraform.io/hashicorp/aws\"]",
      "instances": [
        {
          "schema_version": 0,
          "attributes": {
            "arn": "arn:aws:glue:us-east-1:698772346270:crawler/clickstream-batch-sessions-crawler-dev",
            "catalog_target": [],
            "classifiers": [],
            "configuration": "{\"Version\":1.0,\"CrawlerOutput\":{\"Partitions\":{\"AddOrUpdateBehavior\":\"InheritFromTable\"},\"Tables\":{\"AddOrUpdateBehavior\":\"MergeNewColumns\"}}}",
            "database_name": "clickstream_dev",
            "delta_target": [],
            "description": "Crawls Parquet sessions written by Spark batch reconciler",
            "dynamodb_target": [],
            "hudi_target": [],
            "iceberg_target": [],
            "id": "clickstream-batch-sessions-crawler-dev",
            "jdbc_target": [],
            "lake_formation_configuration": [
              {
                "account_id": "",
                "use_lake_formation_credentials": false
              }
            ],
            "lineage_configuration": [
              {
                "crawler_lineage_settings": "DISABLE"
              }
            ],
            "mongodb_target": [],
            "name": "clickstream-batch-sessions-crawler-dev",
            "recrawl_policy": [
              {
                "recrawl_behavior": "CRAWL_EVERYTHING"
              }
            ],
            "role": "clickstream-glue-crawler-dev",
            "s3_target": [
              {
                "connection_name": "",
                "dlq_event_queue_arn": "",
                "event_queue_arn": "",
                "exclusions": [
                  "**/_temporary/**",
                  "**/.temporary/**"
                ],
                "path": "s3://clickstream-corrected-698772346270-dev/sessions/",
                "sample_size": 0
              }
            ],
            "schedule": "",
            "schema_change_policy": [
              {
                "delete_behavior": "LOG",
                "update_behavior": "UPDATE_IN_DATABASE"
              }
            ],
            "security_configuration": "",
            "table_prefix": "",
            "tags": {
              "Env": "dev",
              "Name": "clickstream-batch-sessions-crawler-dev"
            },
            "tags_all": {
              "Env": "dev",
              "Environment": "dev",
              "ManagedBy": "terraform",
              "Name": "clickstream-batch-sessions-crawler-dev",
              "Project": "clickstream-pipeline"
            }
          },
          "sensitive_attributes": [],
          "identity_schema_version": 0,
          "private": "bnVsbA==",
          "dependencies": [
            "data.aws_caller_identity.current",
            "module.s3_athena.aws_glue_catalog_database.clickstream",
            "module.s3_athena.aws_iam_role.glue_crawler",
            "module.s3_athena.aws_s3_bucket.corrected_sessions",
            "module.s3_athena.data.aws_iam_policy_document.glue_crawler_assume"
          ]
        }
      ]
    },
    {
      "module": "module.s3_athena",
      "mode": "managed",
      "type": "aws_glue_crawler",
      "name": "raw_events",
      "provider": "provider[\"registry.terraform.io/hashicorp/aws\"]",
      "instances": [
        {
          "schema_version": 0,
          "attributes": {
            "arn": "arn:aws:glue:us-east-1:698772346270:crawler/clickstream-raw-events-crawler-dev",
            "catalog_target": [],
            "classifiers": [],
            "configuration": "{\"Version\":1.0,\"CrawlerOutput\":{\"Partitions\":{\"AddOrUpdateBehavior\":\"InheritFromTable\"},\"Tables\":{\"AddOrUpdateBehavior\":\"MergeNewColumns\"}},\"Grouping\":{\"TableGroupingPolicy\":\"CombineCompatibleSchemas\"}}",
            "database_name": "clickstream_dev",
            "delta_target": [],
            "description": "Crawls raw NDJSON events written by Lambda sessionizer",
            "dynamodb_target": [],
            "hudi_target": [],
            "iceberg_target": [],
            "id": "clickstream-raw-events-crawler-dev",
            "jdbc_target": [],
            "lake_formation_configuration": [
              {
                "account_id": "",
                "use_lake_formation_credentials": false
              }
            ],
            "lineage_configuration": [
              {
                "crawler_lineage_settings": "DISABLE"
              }
            ],
            "mongodb_target": [],
            "name": "clickstream-raw-events-crawler-dev",
            "recrawl_policy": [
              {
                "recrawl_behavior": "CRAWL_EVERYTHING"
              }
            ],
            "role": "clickstream-glue-crawler-dev",
            "s3_target": [
              {
                "connection_name": "",
                "dlq_event_queue_arn": "",
                "event_queue_arn": "",
                "exclusions": [
                  "**/_temporary/**",
                  "**/.temporary/**"
                ],
                "path": "s3://clickstream-raw-698772346270-dev/events/",
                "sample_size": 0
              }
            ],
            "schedule": "",
            "schema_change_policy": [
              {
                "delete_behavior": "LOG",
                "update_behavior": "UPDATE_IN_DATABASE"
              }
            ],
            "security_configuration": "",
            "table_prefix": "",
            "tags": {
              "Env": "dev",
              "Name": "clickstream-raw-events-crawler-dev"
            },
            "tags_all": {
              "Env": "dev",
              "Environment": "dev",
              "ManagedBy": "terraform",
              "Name": "clickstream-raw-events-crawler-dev",
              "Project": "clickstream-pipeline"
            }
          },
          "sensitive_attributes": [],
          "identity_schema_version": 0,
          "private": "bnVsbA==",
          "dependencies": [
            "data.aws_caller_identity.current",
            "module.s3_athena.aws_glue_catalog_database.clickstream",
            "module.s3_athena.aws_iam_role.glue_crawler",
            "module.s3_athena.aws_s3_bucket.raw_events",
            "module.s3_athena.data.aws_iam_policy_document.glue_crawler_assume"
          ]
        }
      ]
    },
    {
      "module": "module.s3_athena",
      "mode": "managed",
      "type": "aws_iam_role",
      "name": "glue_crawler",
      "provider": "provider[\"registry.terraform.io/hashicorp/aws\"]",
      "instances": [
        {
          "schema_version": 0,
          "attributes": {
            "arn": "arn:aws:iam::698772346270:role/clickstream-glue-crawler-dev",
            "assume_role_policy": "{\"Statement\":[{\"Action\":\"sts:AssumeRole\",\"Effect\":\"Allow\",\"Principal\":{\"Service\":\"glue.amazonaws.com\"}}],\"Version\":\"2012-10-17\"}",
            "create_date": "2026-04-07T14:03:15Z",
            "description": "",
            "force_detach_policies": false,
            "id": "clickstream-glue-crawler-dev",
            "inline_policy": [
              {
                "name": "clickstream-glue-crawler-policy-dev",
                "policy": "{\"Version\":\"2012-10-17\",\"Statement\":[{\"Action\":[\"s3:ListBucket\",\"s3:GetObject\"],\"Effect\":\"Allow\",\"Resource\":[\"arn:aws:s3:::clickstream-raw-698772346270-dev/*\",\"arn:aws:s3:::clickstream-raw-698772346270-dev\",\"arn:aws:s3:::clickstream-corrected-698772346270-dev/*\",\"arn:aws:s3:::clickstream-corrected-698772346270-dev\"]},{\"Action\":[\"glue:UpdateTable\",\"glue:GetTable\",\"glue:GetPartitions\",\"glue:GetPartition\",\"glue:GetDatabase\",\"glue:CreateTable\",\"glue:CreatePartition\",\"glue:BatchCreatePartition\"],\"Effect\":\"Allow\",\"Resource\":\"*\"},{\"Action\":[\"logs:PutLogEvents\",\"logs:CreateLogStream\",\"logs:CreateLogGroup\"],\"Effect\":\"Allow\",\"Resource\":\"arn:aws:logs:*:*:log-group:/aws-glue/*\"}]}"
              }
            ],
            "managed_policy_arns": [],
            "max_session_duration": 3600,
            "name": "clickstream-glue-crawler-dev",
            "name_prefix": "",
            "path": "/",
            "permissions_boundary": "",
            "tags": {},
            "tags_all": {
              "Environment": "dev",
              "ManagedBy": "terraform",
              "Project": "clickstream-pipeline"
            },
            "unique_id": "AROA2FMQT2WPGEW6WJ3EU"
          },
          "sensitive_attributes": [],
          "identity_schema_version": 0,
          "private": "bnVsbA==",
          "dependencies": [
            "module.s3_athena.data.aws_iam_policy_document.glue_crawler_assume"
          ]
        }
      ]
    },
    {
      "module": "module.s3_athena",
      "mode": "managed",
      "type": "aws_iam_role_policy",
      "name": "glue_crawler",
      "provider": "provider[\"registry.terraform.io/hashicorp/aws\"]",
      "instances": [
        {
          "schema_version": 0,
          "attributes": {
            "id": "clickstream-glue-crawler-dev:clickstream-glue-crawler-policy-dev",
            "name": "clickstream-glue-crawler-policy-dev",
            "name_prefix": "",
            "policy": "{\"Version\":\"2012-10-17\",\"Statement\":[{\"Action\":[\"s3:ListBucket\",\"s3:GetObject\"],\"Effect\":\"Allow\",\"Resource\":[\"arn:aws:s3:::clickstream-raw-698772346270-dev/*\",\"arn:aws:s3:::clickstream-raw-698772346270-dev\",\"arn:aws:s3:::clickstream-corrected-698772346270-dev/*\",\"arn:aws:s3:::clickstream-corrected-698772346270-dev\"]},{\"Action\":[\"glue:UpdateTable\",\"glue:GetTable\",\"glue:GetPartitions\",\"glue:GetPartition\",\"glue:GetDatabase\",\"glue:CreateTable\",\"glue:CreatePartition\",\"glue:BatchCreatePartition\"],\"Effect\":\"Allow\",\"Resource\":\"*\"},{\"Action\":[\"logs:PutLogEvents\",\"logs:CreateLogStream\",\"logs:CreateLogGroup\"],\"Effect\":\"Allow\",\"Resource\":\"arn:aws:logs:*:*:log-group:/aws-glue/*\"}]}",
            "role": "clickstream-glue-crawler-dev"
          },
          "sensitive_attributes": [],
          "identity_schema_version": 0,
          "private": "bnVsbA==",
          "dependencies": [
            "data.aws_caller_identity.current",
            "module.s3_athena.aws_iam_role.glue_crawler",
            "module.s3_athena.aws_s3_bucket.corrected_sessions",
            "module.s3_athena.aws_s3_bucket.raw_events",
            "module.s3_athena.data.aws_iam_policy_document.glue_crawler_assume",
            "module.s3_athena.data.aws_iam_policy_document.glue_crawler_permissions"
          ]
        }
      ]
    },
    {
      "module": "module.s3_athena",
      "mode": "managed",
      "type": "aws_s3_bucket",
      "name": "athena_results",
      "provider": "provider[\"registry.terraform.io/hashicorp/aws\"]",
      "instances": [
        {
          "schema_version": 0,
          "attributes": {
            "acceleration_status": "",
            "acl": null,
            "arn": "arn:aws:s3:::clickstream-athena-698772346270-dev",
            "bucket": "clickstream-athena-698772346270-dev",
            "bucket_domain_name": "clickstream-athena-698772346270-dev.s3.amazonaws.com",
            "bucket_prefix": "",
            "bucket_regional_domain_name": "clickstream-athena-698772346270-dev.s3.us-east-1.amazonaws.com",
            "cors_rule": [],
            "force_destroy": true,
            "grant": [
              {
                "id": "48e8223663e5570051a6dbbbb7fb7ecc8900d0bc7693b6feaa7aac33afd55030",
                "permissions": [
                  "FULL_CONTROL"
                ],
                "type": "CanonicalUser",
                "uri": ""
              }
            ],
            "hosted_zone_id": "Z3AQBSTGFYJSTF",
            "id": "clickstream-athena-698772346270-dev",
            "lifecycle_rule": [],
            "logging": [],
            "object_lock_configuration": [],
            "object_lock_enabled": false,
            "policy": "",
            "region": "us-east-1",
            "replication_configuration": [],
            "request_payer": "BucketOwner",
            "server_side_encryption_configuration": [
              {
                "rule": [
                  {
                    "apply_server_side_encryption_by_default": [
                      {
                        "kms_master_key_id": "",
                        "sse_algorithm": "AES256"
                      }
                    ],
                    "bucket_key_enabled": false
                  }
                ]
              }
            ],
            "tags": {
              "Env": "dev",
              "Layer": "query",
              "Name": "clickstream-athena-698772346270-dev"
            },
            "tags_all": {
              "Env": "dev",
              "Environment": "dev",
              "Layer": "query",
              "ManagedBy": "terraform",
              "Name": "clickstream-athena-698772346270-dev",
              "Project": "clickstream-pipeline"
            },
            "timeouts": null,
            "versioning": [
              {
                "enabled": false,
                "mfa_delete": false
              }
            ],
            "website": [],
            "website_domain": null,
            "website_endpoint": null
          },
          "sensitive_attributes": [],
          "identity_schema_version": 0,
          "private": "eyJlMmJmYjczMC1lY2FhLTExZTYtOGY4OC0zNDM2M2JjN2M0YzAiOnsiY3JlYXRlIjoxMjAwMDAwMDAwMDAwLCJkZWxldGUiOjM2MDAwMDAwMDAwMDAsInJlYWQiOjEyMDAwMDAwMDAwMDAsInVwZGF0ZSI6MTIwMDAwMDAwMDAwMH19",
          "dependencies": [
            "data.aws_caller_identity.current"
          ]
        }
      ]
    },
    {
      "module": "module.s3_athena",
      "mode": "managed",
      "type": "aws_s3_bucket",
      "name": "corrected_sessions",
      "provider": "provider[\"registry.terraform.io/hashicorp/aws\"]",
      "instances": [
        {
          "schema_version": 0,
          "attributes": {
            "acceleration_status": "",
            "acl": null,
            "arn": "arn:aws:s3:::clickstream-corrected-698772346270-dev",
            "bucket": "clickstream-corrected-698772346270-dev",
            "bucket_domain_name": "clickstream-corrected-698772346270-dev.s3.amazonaws.com",
            "bucket_prefix": "",
            "bucket_regional_domain_name": "clickstream-corrected-698772346270-dev.s3.us-east-1.amazonaws.com",
            "cors_rule": [],
            "force_destroy": true,
            "grant": [
              {
                "id": "48e8223663e5570051a6dbbbb7fb7ecc8900d0bc7693b6feaa7aac33afd55030",
                "permissions": [
                  "FULL_CONTROL"
                ],
                "type": "CanonicalUser",
                "uri": ""
              }
            ],
            "hosted_zone_id": "Z3AQBSTGFYJSTF",
            "id": "clickstream-corrected-698772346270-dev",
            "lifecycle_rule": [],
            "logging": [],
            "object_lock_configuration": [],
            "object_lock_enabled": false,
            "policy": "",
            "region": "us-east-1",
            "replication_configuration": [],
            "request_payer": "BucketOwner",
            "server_side_encryption_configuration": [
              {
                "rule": [
                  {
                    "apply_server_side_encryption_by_default": [
                      {
                        "kms_master_key_id": "",
                        "sse_algorithm": "AES256"
                      }
                    ],
                    "bucket_key_enabled": false
                  }
                ]
              }
            ],
            "tags": {
              "Env": "dev",
              "Layer": "batch",
              "Name": "clickstream-corrected-698772346270-dev"
            },
            "tags_all": {
              "Env": "dev",
              "Environment": "dev",
              "Layer": "batch",
              "ManagedBy": "terraform",
              "Name": "clickstream-corrected-698772346270-dev",
              "Project": "clickstream-pipeline"
            },
            "timeouts": null,
            "versioning": [
              {
                "enabled": false,
                "mfa_delete": false
              }
            ],
            "website": [],
            "website_domain": null,
            "website_endpoint": null
          },
          "sensitive_attributes": [],
          "identity_schema_version": 0,
          "private": "eyJlMmJmYjczMC1lY2FhLTExZTYtOGY4OC0zNDM2M2JjN2M0YzAiOnsiY3JlYXRlIjoxMjAwMDAwMDAwMDAwLCJkZWxldGUiOjM2MDAwMDAwMDAwMDAsInJlYWQiOjEyMDAwMDAwMDAwMDAsInVwZGF0ZSI6MTIwMDAwMDAwMDAwMH19",
          "dependencies": [
            "data.aws_caller_identity.current"
          ]
        }
      ]
    },
    {
      "module": "module.s3_athena",
      "mode": "managed",
      "type": "aws_s3_bucket",
      "name": "raw_events",
      "provider": "provider[\"registry.terraform.io/hashicorp/aws\"]",
      "instances": [
        {
          "schema_version": 0,
          "attributes": {
            "acceleration_status": "",
            "acl": null,
            "arn": "arn:aws:s3:::clickstream-raw-698772346270-dev",
            "bucket": "clickstream-raw-698772346270-dev",
            "bucket_domain_name": "clickstream-raw-698772346270-dev.s3.amazonaws.com",
            "bucket_prefix": "",
            "bucket_regional_domain_name": "clickstream-raw-698772346270-dev.s3.us-east-1.amazonaws.com",
            "cors_rule": [],
            "force_destroy": true,
            "grant": [
              {
                "id": "48e8223663e5570051a6dbbbb7fb7ecc8900d0bc7693b6feaa7aac33afd55030",
                "permissions": [
                  "FULL_CONTROL"
                ],
                "type": "CanonicalUser",
                "uri": ""
              }
            ],
            "hosted_zone_id": "Z3AQBSTGFYJSTF",
            "id": "clickstream-raw-698772346270-dev",
            "lifecycle_rule": [
              {
                "abort_incomplete_multipart_upload_days": 0,
                "enabled": true,
                "expiration": [
                  {
                    "date": "",
                    "days": 7,
                    "expired_object_delete_marker": false
                  }
                ],
                "id": "expire-dev-data",
                "noncurrent_version_expiration": [],
                "noncurrent_version_transition": [],
                "prefix": "",
                "tags": {},
                "transition": []
              }
            ],
            "logging": [],
            "object_lock_configuration": [],
            "object_lock_enabled": false,
            "policy": "",
            "region": "us-east-1",
            "replication_configuration": [],
            "request_payer": "BucketOwner",
            "server_side_encryption_configuration": [
              {
                "rule": [
                  {
                    "apply_server_side_encryption_by_default": [
                      {
                        "kms_master_key_id": "",
                        "sse_algorithm": "AES256"
                      }
                    ],
                    "bucket_key_enabled": false
                  }
                ]
              }
            ],
            "tags": {
              "Env": "dev",
              "Layer": "raw",
              "Name": "clickstream-raw-698772346270-dev"
            },
            "tags_all": {
              "Env": "dev",
              "Environment": "dev",
              "Layer": "raw",
              "ManagedBy": "terraform",
              "Name": "clickstream-raw-698772346270-dev",
              "Project": "clickstream-pipeline"
            },
            "timeouts": null,
            "versioning": [
              {
                "enabled": false,
                "mfa_delete": false
              }
            ],
            "website": [],
            "website_domain": null,
            "website_endpoint": null
          },
          "sensitive_attributes": [],
          "identity_schema_version": 0,
          "private": "eyJlMmJmYjczMC1lY2FhLTExZTYtOGY4OC0zNDM2M2JjN2M0YzAiOnsiY3JlYXRlIjoxMjAwMDAwMDAwMDAwLCJkZWxldGUiOjM2MDAwMDAwMDAwMDAsInJlYWQiOjEyMDAwMDAwMDAwMDAsInVwZGF0ZSI6MTIwMDAwMDAwMDAwMH19",
          "dependencies": [
            "data.aws_caller_identity.current"
          ]
        }
      ]
    },
    {
      "module": "module.s3_athena",
      "mode": "managed",
      "type": "aws_s3_bucket_lifecycle_configuration",
      "name": "raw_lifecycle",
      "provider": "provider[\"registry.terraform.io/hashicorp/aws\"]",
      "instances": [
        {
          "schema_version": 1,
          "attributes": {
            "bucket": "clickstream-raw-698772346270-dev",
            "expected_bucket_owner": "",
            "id": "clickstream-raw-698772346270-dev",
            "rule": [
              {
                "abort_incomplete_multipart_upload": [],
                "expiration": [
                  {
                    "date": null,
                    "days": 7,
                    "expired_object_delete_marker": false
                  }
                ],
                "filter": [],
                "id": "expire-dev-data",
                "noncurrent_version_expiration": [],
                "noncurrent_version_transition": [],
                "prefix": "",
                "status": "Enabled",
                "transition": []
              }
            ],
            "timeouts": null,
            "transition_default_minimum_object_size": "all_storage_classes_128K"
          },
          "sensitive_attributes": [],
          "identity_schema_version": 0,
          "dependencies": [
            "data.aws_caller_identity.current",
            "module.s3_athena.aws_s3_bucket.raw_events"
          ]
        }
      ]
    },
    {
      "module": "module.s3_athena",
      "mode": "managed",
      "type": "aws_s3_bucket_public_access_block",
      "name": "athena",
      "provider": "provider[\"registry.terraform.io/hashicorp/aws\"]",
      "instances": [
        {
          "schema_version": 0,
          "attributes": {
            "block_public_acls": true,
            "block_public_policy": true,
            "bucket": "clickstream-athena-698772346270-dev",
            "id": "clickstream-athena-698772346270-dev",
            "ignore_public_acls": true,
            "restrict_public_buckets": true
          },
          "sensitive_attributes": [],
          "identity_schema_version": 0,
          "private": "bnVsbA==",
          "dependencies": [
            "data.aws_caller_identity.current",
            "module.s3_athena.aws_s3_bucket.athena_results"
          ]
        }
      ]
    },
    {
      "module": "module.s3_athena",
      "mode": "managed",
      "type": "aws_s3_bucket_public_access_block",
      "name": "corrected",
      "provider": "provider[\"registry.terraform.io/hashicorp/aws\"]",
      "instances": [
        {
          "schema_version": 0,
          "attributes": {
            "block_public_acls": true,
            "block_public_policy": true,
            "bucket": "clickstream-corrected-698772346270-dev",
            "id": "clickstream-corrected-698772346270-dev",
            "ignore_public_acls": true,
            "restrict_public_buckets": true
          },
          "sensitive_attributes": [],
          "identity_schema_version": 0,
          "private": "bnVsbA==",
          "dependencies": [
            "data.aws_caller_identity.current",
            "module.s3_athena.aws_s3_bucket.corrected_sessions"
          ]
        }
      ]
    },
    {
      "module": "module.s3_athena",
      "mode": "managed",
      "type": "aws_s3_bucket_public_access_block",
      "name": "raw",
      "provider": "provider[\"registry.terraform.io/hashicorp/aws\"]",
      "instances": [
        {
          "schema_version": 0,
          "attributes": {
            "block_public_acls": true,
            "block_public_policy": true,
            "bucket": "clickstream-raw-698772346270-dev",
            "id": "clickstream-raw-698772346270-dev",
            "ignore_public_acls": true,
            "restrict_public_buckets": true
          },
          "sensitive_attributes": [],
          "identity_schema_version": 0,
          "private": "bnVsbA==",
          "dependencies": [
            "data.aws_caller_identity.current",
            "module.s3_athena.aws_s3_bucket.raw_events"
          ]
        }
      ]
    }
  ],
  "check_results": null
}
